<?xml version="1.0" encoding="utf-8"?>
<Project ToolsVersion="4.0" xmlns="http://schemas.microsoft.com/developer/msbuild/2003">
  <ItemGroup>
    <Filter Include="Source Files">
      <UniqueIdentifier>{4FC737F1-C7A5-4376-A066-2A32D752A2FF}</UniqueIdentifier>
      <Extensions>cpp;c;cc;cxx;def;odl;idl;hpj;bat;asm;asmx</Extensions>
    </Filter>
    <Filter Include="Header Files">
      <UniqueIdentifier>{93995380-89BD-4b04-88EB-625FBE52EBFB}</UniqueIdentifier>
      <Extensions>h;hpp;hxx;hm;inl;inc;xsd</Extensions>
    </Filter>
    <Filter Include="Resource Files">
      <UniqueIdentifier>{67DA6AB6-F800-4c08-8B7A-83BB121AAD01}</UniqueIdentifier>
      <Extensions>rc;ico;cur;bmp;dlg;rc2;rct;bin;rgs;gif;jpg;jpeg;jpe;resx;tiff;tif;png;wav</Extensions>
    </Filter>
  </ItemGroup>
  <ItemGroup>
    <ClCompile Include="CDIB.CPP">
      <Filter>Source Files</Filter>
    </ClCompile>
    <ClCompile Include="Draw.cpp">
      <Filter>Source Files</Filter>
    </ClCompile>
    <ClCompile Include="LCDDigits.cpp">
      <Filter>Source Files</Filter>
    </ClCompile>
    <ClCompile Include="LCDDots.cpp">
      <Filter>Source Files</Filter>
    </ClCompile>
    <ClCompile Include="MenuXP.cpp">
      <Filter>Source Files</Filter>
    </ClCompile>
    <ClCompile Include="SButton.cpp">
      <Filter>Source Files</Filter>
    </ClCompile>
    <ClCompile Include="SkinBaseButton.cpp">
      <Filter>Source Files</Filter>
    </ClCompile>
    <ClCompile Include="StaticTime.cpp">
      <Filter>Source Files</Filter>
    </ClCompile>
    <ClCompile Include="stdafx.cpp">
      <Filter>Source Files</Filter>
    </ClCompile>
    <ClCompile Include="Timer.cpp">
      <Filter>Source Files</Filter>
    </ClCompile>
    <ClCompile Include="TimerDlg.cpp">
      <Filter>Source Files</Filter>
    </ClCompile>
    <ClCompile Include="Tools.cpp">
      <Filter>Source Files</Filter>
    </ClCompile>
    <ClCompile Include="ToolTips.cpp">
      <Filter>Source Files</Filter>
    </ClCompile>
    <ClCompile Include="WndShadow.cpp">
      <Filter>Source Files</Filter>
    </ClCompile>
    <ClCompile Include="DlgGetPassword.cpp">
      <Filter>Source Files</Filter>
    </ClCompile>
    <ClCompile Include="DlgAdjustments.cpp">
      <Filter>Source Files</Filter>
    </ClCompile>
    <ClCompile Include="DlgAlarmSignal.cpp">
      <Filter>Source Files</Filter>
    </ClCompile>
    <ClCompile Include="DlgSettings.cpp">
      <Filter>Source Files</Filter>
    </ClCompile>
    <ClCompile Include="DlgPasswordProtect.cpp">
      <Filter>Source Files</Filter>
    </ClCompile>
    <ClCompile Include="DlgWindowToFollow.cpp">
      <Filter>Source Files</Filter>
    </ClCompile>
    <ClCompile Include="Autorun.cpp">
      <Filter>Source Files</Filter>
    </ClCompile>
    <ClCompile Include="DefaultSettings.cpp">
      <Filter>Source Files</Filter>
    </ClCompile>
    <ClCompile Include="MultiLanguage.cpp">
      <Filter>Source Files</Filter>
    </ClCompile>
  </ItemGroup>
  <ItemGroup>
    <ClInclude Include="CDIB.H">
      <Filter>Header Files</Filter>
    </ClInclude>
    <ClInclude Include="Debug.h">
      <Filter>Header Files</Filter>
    </ClInclude>
    <ClInclude Include="Draw.h">
      <Filter>Header Files</Filter>
    </ClInclude>
    <ClInclude Include="fmod.h">
      <Filter>Header Files</Filter>
    </ClInclude>
    <ClInclude Include="LCDDigits.h">
      <Filter>Header Files</Filter>
    </ClInclude>
    <ClInclude Include="LCDDots.h">
      <Filter>Header Files</Filter>
    </ClInclude>
    <ClInclude Include="MenuXP.h">
      <Filter>Header Files</Filter>
    </ClInclude>
    <ClInclude Include="MultiLanguage.h">
      <Filter>Header Files</Filter>
    </ClInclude>
    <ClInclude Include="resource.h">
      <Filter>Header Files</Filter>
    </ClInclude>
    <ClInclude Include="SButton.h">
      <Filter>Header Files</Filter>
    </ClInclude>
    <ClInclude Include="ShutDown.h">
      <Filter>Header Files</Filter>
    </ClInclude>
    <ClInclude Include="SkinBaseButton.h">
      <Filter>Header Files</Filter>
    </ClInclude>
    <ClInclude Include="StaticTime.h">
      <Filter>Header Files</Filter>
    </ClInclude>
    <ClInclude Include="stdafx.h">
      <Filter>Header Files</Filter>
    </ClInclude>
    <ClInclude Include="targetver.h">
      <Filter>Header Files</Filter>
    </ClInclude>
    <ClInclude Include="Timer.h">
      <Filter>Header Files</Filter>
    </ClInclude>
    <ClInclude Include="TimerDlg.h">
      <Filter>Header Files</Filter>
    </ClInclude>
    <ClInclude Include="Tools.h">
      <Filter>Header Files</Filter>
    </ClInclude>
    <ClInclude Include="ToolTips.h">
      <Filter>Header Files</Filter>
    </ClInclude>
    <ClInclude Include="WndShadow.h">
      <Filter>Header Files</Filter>
    </ClInclude>
    <ClInclude Include="DlgGetPassword.h">
      <Filter>Header Files</Filter>
    </ClInclude>
    <ClInclude Include="DlgAdjustments.h">
      <Filter>Header Files</Filter>
    </ClInclude>
    <ClInclude Include="DlgAlarmSignal.h">
      <Filter>Header Files</Filter>
    </ClInclude>
    <ClInclude Include="DlgSettings.h">
      <Filter>Header Files</Filter>
    </ClInclude>
    <ClInclude Include="DlgPasswordProtect.h">
      <Filter>Header Files</Filter>
    </ClInclude>
    <ClInclude Include="DlgWindowToFollow.h">
      <Filter>Header Files</Filter>
    </ClInclude>
    <ClInclude Include="Autorun.h">
      <Filter>Header Files</Filter>
    </ClInclude>
    <ClInclude Include="DefaultSettings.h">
      <Filter>Header Files</Filter>
    </ClInclude>
    <ClInclude Include="ShortCut.h">
      <Filter>Header Files</Filter>
    </ClInclude>
  </ItemGroup>
  <ItemGroup>
    <ResourceCompile Include="Timer.rc">
      <Filter>Resource Files</Filter>
    </ResourceCompile>
  </ItemGroup>
  <ItemGroup>
    <None Include="res\Timer.rc2">
      <Filter>Resource Files</Filter>
    </None>
    <None Include="info\FMOD - music &amp; soundeffects sytem (licens).htm" />
    <None Include="info\Железо, номер #026, стр_ 026-066-1, Программы для управления питанием.htm" />
    <None Include="info\Как долго простаивает операционная система.htm" />
    <None Include="info\fmod - music &amp; soundeffects sytem (licens).files\fmodlicense.htm" />
    <None Include="info\fmod - music &amp; soundeffects sytem (licens).files\lfmodlicense.htm" />
    <None Include="info\железо, номер #026, стр_ 026-066-1, программы для управления питанием.files\banner.htm" />
    <None Include="info\железо, номер #026, стр_ 026-066-1, программы для управления питанием.files\iframe_bann.htm" />
    <None Include="res\Timer.ico">
      <Filter>Resource Files</Filter>
    </None>
    <None Include="res\Timer_run.ico">
      <Filter>Resource Files</Filter>
    </None>
    <None Include="res\aim.ico">
      <Filter>Resource Files</Filter>
    </None>
    <None Include="res\MainWnd.bmp">
      <Filter>Resource Files</Filter>
    </None>
    <None Include="res\Close.bmp">
      <Filter>Resource Files</Filter>
    </None>
    <None Include="res\Minimize.bmp">
      <Filter>Resource Files</Filter>
    </None>
    <None Include="res\StarStop.bmp">
      <Filter>Resource Files</Filter>
    </None>
    <None Include="res\Settings.bmp">
      <Filter>Resource Files</Filter>
    </None>
    <None Include="res\Adjust.bmp">
      <Filter>Resource Files</Filter>
    </None>
    <None Include="res\aim.cur">
      <Filter>Resource Files</Filter>
    </None>
  </ItemGroup>
  <ItemGroup>
    <Manifest Include="Timer.exe.manifest" />
  </ItemGroup>
</Project>